// !$*UTF8*$!
{
	archiveVersion = 1;
	classes = {
	};
	objectVersion = 60;
	objects = {

/* Begin PBXBuildFile section */
		9ED36AF22C1FCA5300189040 /* selfiegramApp.swift in Sources */ = {isa = PBXBuildFile; fileRef = 9ED36AF12C1FCA5300189040 /* selfiegramApp.swift */; };
		9ED36AF42C1FCA5300189040 /* ContentView.swift in Sources */ = {isa = PBXBuildFile; fileRef = 9ED36AF32C1FCA5300189040 /* ContentView.swift */; };
		9ED36AF62C1FCA5400189040 /* Assets.xcassets in Resources */ = {isa = PBXBuildFile; fileRef = 9ED36AF52C1FCA5400189040 /* Assets.xcassets */; };
		9ED36AF92C1FCA5400189040 /* Preview Assets.xcassets in Resources */ = {isa = PBXBuildFile; fileRef = 9ED36AF82C1FCA5400189040 /* Preview Assets.xcassets */; };
		9ED36B032C1FCA5500189040 /* selfiegramTests.swift in Sources */ = {isa = PBXBuildFile; fileRef = 9ED36B022C1FCA5500189040 /* selfiegramTests.swift */; };
		9ED36B0D2C1FCA5500189040 /* selfiegramUITests.swift in Sources */ = {isa = PBXBuildFile; fileRef = 9ED36B0C2C1FCA5500189040 /* selfiegramUITests.swift */; };
		9ED36B0F2C1FCA5500189040 /* selfiegramUITestsLaunchTests.swift in Sources */ = {isa = PBXBuildFile; fileRef = 9ED36B0E2C1FCA5500189040 /* selfiegramUITestsLaunchTests.swift */; };
/* End PBXBuildFile section */

/* Begin PBXContainerItemProxy section */
		9ED36AFF2C1FCA5500189040 /* PBXContainerItemProxy */ = {
			isa = PBXContainerItemProxy;
			containerPortal = 9ED36AE62C1FCA5300189040 /* Project object */;
			proxyType = 1;
			remoteGlobalIDString = 9ED36AED2C1FCA5300189040;
			remoteInfo = selfiegram;
		};
		9ED36B092C1FCA5500189040 /* PBXContainerItemProxy */ = {
			isa = PBXContainerItemProxy;
			containerPortal = 9ED36AE62C1FCA5300189040 /* Project object */;
			proxyType = 1;
			remoteGlobalIDString = 9ED36AED2C1FCA5300189040;
			remoteInfo = selfiegram;
		};
/* End PBXContainerItemProxy section */

/* Begin PBXFileReference section */
		9ED36AEE2C1FCA5300189040 /* selfiegram.app */ = {isa = PBXFileReference; explicitFileType = wrapper.application; includeInIndex = 0; path = selfiegram.app; sourceTree = BUILT_PRODUCTS_DIR; };
		9ED36AF12C1FCA5300189040 /* selfiegramApp.swift */ = {isa = PBXFileReference; lastKnownFileType = sourcecode.swift; path = selfiegramApp.swift; sourceTree = "<group>"; };
		9ED36AF32C1FCA5300189040 /* ContentView.swift */ = {isa = PBXFileReference; lastKnownFileType = sourcecode.swift; path = ContentView.swift; sourceTree = "<group>"; };
		9ED36AF52C1FCA5400189040 /* Assets.xcassets */ = {isa = PBXFileReference; lastKnownFileType = folder.assetcatalog; path = Assets.xcassets; sourceTree = "<group>"; };
		9ED36AF82C1FCA5400189040 /* Preview Assets.xcassets */ = {isa = PBXFileReference; lastKnownFileType = folder.assetcatalog; path = "Preview Assets.xcassets"; sourceTree = "<group>"; };
		9ED36AFE2C1FCA5500189040 /* selfiegramTests.xctest */ = {isa = PBXFileReference; explicitFileType = wrapper.cfbundle; includeInIndex = 0; path = selfiegramTests.xctest; sourceTree = BUILT_PRODUCTS_DIR; };
		9ED36B022C1FCA5500189040 /* selfiegramTests.swift */ = {isa = PBXFileReference; lastKnownFileType = sourcecode.swift; path = selfiegramTests.swift; sourceTree = "<group>"; };
		9ED36B082C1FCA5500189040 /* selfiegramUITests.xctest */ = {isa = PBXFileReference; explicitFileType = wrapper.cfbundle; includeInIndex = 0; path = selfiegramUITests.xctest; sourceTree = BUILT_PRODUCTS_DIR; };
		9ED36B0C2C1FCA5500189040 /* selfiegramUITests.swift */ = {isa = PBXFileReference; lastKnownFileType = sourcecode.swift; path = selfiegramUITests.swift; sourceTree = "<group>"; };
		9ED36B0E2C1FCA5500189040 /* selfiegramUITestsLaunchTests.swift */ = {isa = PBXFileReference; lastKnownFileType = sourcecode.swift; path = selfiegramUITestsLaunchTests.swift; sourceTree = "<group>"; };
/* End PBXFileReference section */

/* Begin PBXFrameworksBuildPhase section */
		9ED36AEB2C1FCA5300189040 /* Frameworks */ = {
			isa = PBXFrameworksBuildPhase;
			buildActionMask = 2147483647;
			files = (
			);
			runOnlyForDeploymentPostprocessing = 0;
		};
		9ED36AFB2C1FCA5500189040 /* Frameworks */ = {
			isa = PBXFrameworksBuildPhase;
			buildActionMask = 2147483647;
			files = (
			);
			runOnlyForDeploymentPostprocessing = 0;
		};
		9ED36B052C1FCA5500189040 /* Frameworks */ = {
			isa = PBXFrameworksBuildPhase;
			buildActionMask = 2147483647;
			files = (
			);
			runOnlyForDeploymentPostprocessing = 0;
		};
/* End PBXFrameworksBuildPhase section */

/* Begin PBXGroup section */
		9ED36AE52C1FCA5300189040 = {
			isa = PBXGroup;
			children = (
				9ED36AF02C1FCA5300189040 /* selfiegram */,
				9ED36B012C1FCA5500189040 /* selfiegramTests */,
				9ED36B0B2C1FCA5500189040 /* selfiegramUITests */,
				9ED36AEF2C1FCA5300189040 /* Products */,
			);
			sourceTree = "<group>";
		};
		9ED36AEF2C1FCA5300189040 /* Products */ = {
			isa = PBXGroup;
			children = (
				9ED36AEE2C1FCA5300189040 /* selfiegram.app */,
				9ED36AFE2C1FCA5500189040 /* selfiegramTests.xctest */,
				9ED36B082C1FCA5500189040 /* selfiegramUITests.xctest */,
			);
			name = Products;
			sourceTree = "<group>";
		};
		9ED36AF02C1FCA5300189040 /* selfiegram */ = {
			isa = PBXGroup;
			children = (
				9ED36AF12C1FCA5300189040 /* selfiegramApp.swift */,
				9ED36AF32C1FCA5300189040 /* ContentView.swift */,
				9ED36AF52C1FCA5400189040 /* Assets.xcassets */,
				9ED36AF72C1FCA5400189040 /* Preview Content */,
			);
			path = selfiegram;
			sourceTree = "<group>";
		};
		9ED36AF72C1FCA5400189040 /* Preview Content */ = {
			isa = PBXGroup;
			children = (
				9ED36AF82C1FCA5400189040 /* Preview Assets.xcassets */,
			);
			path = "Preview Content";
			sourceTree = "<group>";
		};
		9ED36B012C1FCA5500189040 /* selfiegramTests */ = {
			isa = PBXGroup;
			children = (
				9ED36B022C1FCA5500189040 /* selfiegramTests.swift */,
			);
			path = selfiegramTests;
			sourceTree = "<group>";
		};
		9ED36B0B2C1FCA5500189040 /* selfiegramUITests */ = {
			isa = PBXGroup;
			children = (
				9ED36B0C2C1FCA5500189040 /* selfiegramUITests.swift */,
				9ED36B0E2C1FCA5500189040 /* selfiegramUITestsLaunchTests.swift */,
			);
			path = selfiegramUITests;
			sourceTree = "<group>";
		};
/* End PBXGroup section */

/* Begin PBXNativeTarget section */
		9ED36AED2C1FCA5300189040 /* selfiegram */ = {
			isa = PBXNativeTarget;
			buildConfigurationList = 9ED36B122C1FCA5500189040 /* Build configuration list for PBXNativeTarget "selfiegram" */;
			buildPhases = (
				9ED36AEA2C1FCA5300189040 /* Sources */,
				9ED36AEB2C1FCA5300189040 /* Frameworks */,
				9ED36AEC2C1FCA5300189040 /* Resources */,
			);
			buildRules = (
			);
			dependencies = (
			);
			name = selfiegram;
			productName = selfiegram;
			productReference = 9ED36AEE2C1FCA5300189040 /* selfiegram.app */;
			productType = "com.apple.product-type.application";
		};
		9ED36AFD2C1FCA5500189040 /* selfiegramTests */ = {
			isa = PBXNativeTarget;
			buildConfigurationList = 9ED36B152C1FCA5500189040 /* Build configuration list for PBXNativeTarget "selfiegramTests" */;
			buildPhases = (
				9ED36AFA2C1FCA5500189040 /* Sources */,
				9ED36AFB2C1FCA5500189040 /* Frameworks */,
				9ED36AFC2C1FCA5500189040 /* Resources */,
			);
			buildRules = (
			);
			dependencies = (
				9ED36B002C1FCA5500189040 /* PBXTargetDependency */,
			);
			name = selfiegramTests;
			productName = selfiegramTests;
			productReference = 9ED36AFE2C1FCA5500189040 /* selfiegramTests.xctest */;
			productType = "com.apple.product-type.bundle.unit-test";
		};
		9ED36B072C1FCA5500189040 /* selfiegramUITests */ = {
			isa = PBXNativeTarget;
			buildConfigurationList = 9ED36B182C1FCA5500189040 /* Build configuration list for PBXNativeTarget "selfiegramUITests" */;
			buildPhases = (
				9ED36B042C1FCA5500189040 /* Sources */,
				9ED36B052C1FCA5500189040 /* Frameworks */,
				9ED36B062C1FCA5500189040 /* Resources */,
			);
			buildRules = (
			);
			dependencies = (
				9ED36B0A2C1FCA5500189040 /* PBXTargetDependency */,
			);
			name = selfiegramUITests;
			productName = selfiegramUITests;
			productReference = 9ED36B082C1FCA5500189040 /* selfiegramUITests.xctest */;
			productType = "com.apple.product-type.bundle.ui-testing";
		};
/* End PBXNativeTarget section */

/* Begin PBXProject section */
		9ED36AE62C1FCA5300189040 /* Project object */ = {
			isa = PBXProject;
			attributes = {
				BuildIndependentTargetsInParallel = 1;
				LastSwiftUpdateCheck = 1600;
				LastUpgradeCheck = 1600;
				TargetAttributes = {
					9ED36AED2C1FCA5300189040 = {
						CreatedOnToolsVersion = 16.0;
					};
					9ED36AFD2C1FCA5500189040 = {
						CreatedOnToolsVersion = 16.0;
						TestTargetID = 9ED36AED2C1FCA5300189040;
					};
					9ED36B072C1FCA5500189040 = {
						CreatedOnToolsVersion = 16.0;
						TestTargetID = 9ED36AED2C1FCA5300189040;
					};
				};
			};
			buildConfigurationList = 9ED36AE92C1FCA5300189040 /* Build configuration list for PBXProject "selfiegram" */;
			compatibilityVersion = "Xcode 15.0";
			developmentRegion = en;
			hasScannedForEncodings = 0;
			knownRegions = (
				en,
				Base,
			);
			mainGroup = 9ED36AE52C1FCA5300189040;
			productRefGroup = 9ED36AEF2C1FCA5300189040 /* Products */;
			projectDirPath = "";
			projectRoot = "";
			targets = (
				9ED36AED2C1FCA5300189040 /* selfiegram */,
				9ED36AFD2C1FCA5500189040 /* selfiegramTests */,
				9ED36B072C1FCA5500189040 /* selfiegramUITests */,
			);
		};
/* End PBXProject section */

/* Begin PBXResourcesBuildPhase section */
		9ED36AEC2C1FCA5300189040 /* Resources */ = {
			isa = PBXResourcesBuildPhase;
			buildActionMask = 2147483647;
			files = (
				9ED36AF92C1FCA5400189040 /* Preview Assets.xcassets in Resources */,
				9ED36AF62C1FCA5400189040 /* Assets.xcassets in Resources */,
			);
			runOnlyForDeploymentPostprocessing = 0;
		};
		9ED36AFC2C1FCA5500189040 /* Resources */ = {
			isa = PBXResourcesBuildPhase;
			buildActionMask = 2147483647;
			files = (
			);
			runOnlyForDeploymentPostprocessing = 0;
		};
		9ED36B062C1FCA5500189040 /* Resources */ = {
			isa = PBXResourcesBuildPhase;
			buildActionMask = 2147483647;
			files = (
			);
			runOnlyForDeploymentPostprocessing = 0;
		};
/* End PBXResourcesBuildPhase section */

/* Begin PBXSourcesBuildPhase section */
		9ED36AEA2C1FCA5300189040 /* Sources */ = {
			isa = PBXSourcesBuildPhase;
			buildActionMask = 2147483647;
			files = (
				9ED36AF42C1FCA5300189040 /* ContentView.swift in Sources */,
				9ED36AF22C1FCA5300189040 /* selfiegramApp.swift in Sources */,
			);
			runOnlyForDeploymentPostprocessing = 0;
		};
		9ED36AFA2C1FCA5500189040 /* Sources */ = {
			isa = PBXSourcesBuildPhase;
			buildActionMask = 2147483647;
			files = (
				9ED36B032C1FCA5500189040 /* selfiegramTests.swift in Sources */,
			);
			runOnlyForDeploymentPostprocessing = 0;
		};
		9ED36B042C1FCA5500189040 /* Sources */ = {
			isa = PBXSourcesBuildPhase;
			buildActionMask = 2147483647;
			files = (
				9ED36B0D2C1FCA5500189040 /* selfiegramUITests.swift in Sources */,
				9ED36B0F2C1FCA5500189040 /* selfiegramUITestsLaunchTests.swift in Sources */,
			);
			runOnlyForDeploymentPostprocessing = 0;
		};
/* End PBXSourcesBuildPhase section */

/* Begin PBXTargetDependency section */
		9ED36B002C1FCA5500189040 /* PBXTargetDependency */ = {
			isa = PBXTargetDependency;
			target = 9ED36AED2C1FCA5300189040 /* selfiegram */;
			targetProxy = 9ED36AFF2C1FCA5500189040 /* PBXContainerItemProxy */;
		};
		9ED36B0A2C1FCA5500189040 /* PBXTargetDependency */ = {
			isa = PBXTargetDependency;
			target = 9ED36AED2C1FCA5300189040 /* selfiegram */;
			targetProxy = 9ED36B092C1FCA5500189040 /* PBXContainerItemProxy */;
		};
/* End PBXTargetDependency section */

/* Begin XCBuildConfiguration section */
		9ED36B102C1FCA5500189040 /* Debug */ = {
			isa = XCBuildConfiguration;
			buildSettings = {
				ALWAYS_SEARCH_USER_PATHS = NO;
				ASSETCATALOG_COMPILER_GENERATE_SWIFT_ASSET_SYMBOL_EXTENSIONS = YES;
				CLANG_ANALYZER_NONNULL = YES;
				CLANG_ANALYZER_NUMBER_OBJECT_CONVERSION = YES_AGGRESSIVE;
				CLANG_CXX_LANGUAGE_STANDARD = "gnu++20";
				CLANG_ENABLE_MODULES = YES;
				CLANG_ENABLE_OBJC_ARC = YES;
				CLANG_ENABLE_OBJC_WEAK = YES;
				CLANG_WARN_BLOCK_CAPTURE_AUTORELEASING = YES;
				CLANG_WARN_BOOL_CONVERSION = YES;
				CLANG_WARN_COMMA = YES;
				CLANG_WARN_CONSTANT_CONVERSION = YES;
				CLANG_WARN_DEPRECATED_OBJC_IMPLEMENTATIONS = YES;
				CLANG_WARN_DIRECT_OBJC_ISA_USAGE = YES_ERROR;
				CLANG_WARN_DOCUMENTATION_COMMENTS = YES;
				CLANG_WARN_EMPTY_BODY = YES;
				CLANG_WARN_ENUM_CONVERSION = YES;
				CLANG_WARN_INFINITE_RECURSION = YES;
				CLANG_WARN_INT_CONVERSION = YES;
				CLANG_WARN_NON_LITERAL_NULL_CONVERSION = YES;
				CLANG_WARN_OBJC_IMPLICIT_RETAIN_SELF = YES;
				CLANG_WARN_OBJC_LITERAL_CONVERSION = YES;
				CLANG_WARN_OBJC_ROOT_CLASS = YES_ERROR;
				CLANG_WARN_QUOTED_INCLUDE_IN_FRAMEWORK_HEADER = YES;
				CLANG_WARN_RANGE_LOOP_ANALYSIS = YES;
				CLANG_WARN_STRICT_PROTOTYPES = YES;
				CLANG_WARN_SUSPICIOUS_MOVE = YES;
				CLANG_WARN_UNGUARDED_AVAILABILITY = YES_AGGRESSIVE;
				CLANG_WARN_UNREACHABLE_CODE = YES;
				CLANG_WARN__DUPLICATE_METHOD_MATCH = YES;
				COPY_PHASE_STRIP = NO;
				DEBUG_INFORMATION_FORMAT = dwarf;
				ENABLE_STRICT_OBJC_MSGSEND = YES;
				ENABLE_TESTABILITY = YES;
				ENABLE_USER_SCRIPT_SANDBOXING = YES;
				GCC_C_LANGUAGE_STANDARD = gnu17;
				GCC_DYNAMIC_NO_PIC = NO;
				GCC_NO_COMMON_BLOCKS = YES;
				GCC_OPTIMIZATION_LEVEL = 0;
				GCC_PREPROCESSOR_DEFINITIONS = (
					"DEBUG=1",
					"$(inherited)",
				);
				GCC_WARN_64_TO_32_BIT_CONVERSION = YES;
				GCC_WARN_ABOUT_RETURN_TYPE = YES_ERROR;
				GCC_WARN_UNDECLARED_SELECTOR = YES;
				GCC_WARN_UNINITIALIZED_AUTOS = YES_AGGRESSIVE;
				GCC_WARN_UNUSED_FUNCTION = YES;
				GCC_WARN_UNUSED_VARIABLE = YES;
				IPHONEOS_DEPLOYMENT_TARGET = 18.0;
				LOCALIZATION_PREFERS_STRING_CATALOGS = YES;
				MTL_ENABLE_DEBUG_INFO = INCLUDE_SOURCE;
				MTL_FAST_MATH = YES;
				ONLY_ACTIVE_ARCH = YES;
				SDKROOT = iphoneos;
				SWIFT_ACTIVE_COMPILATION_CONDITIONS = "DEBUG $(inherited)";
				SWIFT_OPTIMIZATION_LEVEL = "-Onone";
			};
			name = Debug;
		};
		9ED36B112C1FCA5500189040 /* Release */ = {
			isa = XCBuildConfiguration;
			buildSettings = {
				ALWAYS_SEARCH_USER_PATHS = NO;
				ASSETCATALOG_COMPILER_GENERATE_SWIFT_ASSET_SYMBOL_EXTENSIONS = YES;
				CLANG_ANALYZER_NONNULL = YES;
				CLANG_ANALYZER_NUMBER_OBJECT_CONVERSION = YES_AGGRESSIVE;
				CLANG_CXX_LANGUAGE_STANDARD = "gnu++20";
				CLANG_ENABLE_MODULES = YES;
				CLANG_ENABLE_OBJC_ARC = YES;
				CLANG_ENABLE_OBJC_WEAK = YES;
				CLANG_WARN_BLOCK_CAPTURE_AUTORELEASING = YES;
				CLANG_WARN_BOOL_CONVERSION = YES;
				CLANG_WARN_COMMA = YES;
				CLANG_WARN_CONSTANT_CONVERSION = YES;
				CLANG_WARN_DEPRECATED_OBJC_IMPLEMENTATIONS = YES;
				CLANG_WARN_DIRECT_OBJC_ISA_USAGE = YES_ERROR;
				CLANG_WARN_DOCUMENTATION_COMMENTS = YES;
				CLANG_WARN_EMPTY_BODY = YES;
				CLANG_WARN_ENUM_CONVERSION = YES;
				CLANG_WARN_INFINITE_RECURSION = YES;
				CLANG_WARN_INT_CONVERSION = YES;
				CLANG_WARN_NON_LITERAL_NULL_CONVERSION = YES;
				CLANG_WARN_OBJC_IMPLICIT_RETAIN_SELF = YES;
				CLANG_WARN_OBJC_LITERAL_CONVERSION = YES;
				CLANG_WARN_OBJC_ROOT_CLASS = YES_ERROR;
				CLANG_WARN_QUOTED_INCLUDE_IN_FRAMEWORK_HEADER = YES;
				CLANG_WARN_RANGE_LOOP_ANALYSIS = YES;
				CLANG_WARN_STRICT_PROTOTYPES = YES;
				CLANG_WARN_SUSPICIOUS_MOVE = YES;
				CLANG_WARN_UNGUARDED_AVAILABILITY = YES_AGGRESSIVE;
				CLANG_WARN_UNREACHABLE_CODE = YES;
				CLANG_WARN__DUPLICATE_METHOD_MATCH = YES;
				COPY_PHASE_STRIP = NO;
				DEBUG_INFORMATION_FORMAT = "dwarf-with-dsym";
				ENABLE_NS_ASSERTIONS = NO;
				ENABLE_STRICT_OBJC_MSGSEND = YES;
				ENABLE_USER_SCRIPT_SANDBOXING = YES;
				GCC_C_LANGUAGE_STANDARD = gnu17;
				GCC_NO_COMMON_BLOCKS = YES;
				GCC_WARN_64_TO_32_BIT_CONVERSION = YES;
				GCC_WARN_ABOUT_RETURN_TYPE = YES_ERROR;
				GCC_WARN_UNDECLARED_SELECTOR = YES;
				GCC_WARN_UNINITIALIZED_AUTOS = YES_AGGRESSIVE;
				GCC_WARN_UNUSED_FUNCTION = YES;
				GCC_WARN_UNUSED_VARIABLE = YES;
				IPHONEOS_DEPLOYMENT_TARGET = 18.0;
				LOCALIZATION_PREFERS_STRING_CATALOGS = YES;
				MTL_ENABLE_DEBUG_INFO = NO;
				MTL_FAST_MATH = YES;
				SDKROOT = iphoneos;
				SWIFT_COMPILATION_MODE = wholemodule;
				VALIDATE_PRODUCT = YES;
			};
			name = Release;
		};
		9ED36B132C1FCA5500189040 /* Debug */ = {
			isa = XCBuildConfiguration;
			buildSettings = {
				ASSETCATALOG_COMPILER_APPICON_NAME = AppIcon;
				ASSETCATALOG_COMPILER_GLOBAL_ACCENT_COLOR_NAME = AccentColor;
				CODE_SIGN_STYLE = Automatic;
				CURRENT_PROJECT_VERSION = 1;
				DEVELOPMENT_ASSET_PATHS = "\"selfiegram/Preview Content\"";
				DEVELOPMENT_TEAM = K3JR62TZ76;
				ENABLE_PREVIEWS = YES;
				GENERATE_INFOPLIST_FILE = YES;
				INFOPLIST_KEY_UIApplicationSceneManifest_Generation = YES;
				INFOPLIST_KEY_UIApplicationSupportsIndirectInputEvents = YES;
				INFOPLIST_KEY_UILaunchScreen_Generation = YES;
				INFOPLIST_KEY_UISupportedInterfaceOrientations_iPad = "UIInterfaceOrientationPortrait UIInterfaceOrientationPortraitUpsideDown UIInterfaceOrientationLandscapeLeft UIInterfaceOrientationLandscapeRight";
				INFOPLIST_KEY_UISupportedInterfaceOrientations_iPhone = "UIInterfaceOrientationPortrait UIInterfaceOrientationLandscapeLeft UIInterfaceOrientationLandscapeRight";
				LD_RUNPATH_SEARCH_PATHS = (
					"$(inherited)",
					"@executable_path/Frameworks",
				);
				MARKETING_VERSION = 1.0;
				PRODUCT_BUNDLE_IDENTIFIER = com.isad.selfiegram;
				PRODUCT_NAME = "$(TARGET_NAME)";
				SWIFT_EMIT_LOC_STRINGS = YES;
				SWIFT_VERSION = 5.0;
				TARGETED_DEVICE_FAMILY = "1,2";
			};
			name = Debug;
		};
		9ED36B142C1FCA5500189040 /* Release */ = {
			isa = XCBuildConfiguration;
			buildSettings = {
				ASSETCATALOG_COMPILER_APPICON_NAME = AppIcon;
				ASSETCATALOG_COMPILER_GLOBAL_ACCENT_COLOR_NAME = AccentColor;
				CODE_SIGN_STYLE = Automatic;
				CURRENT_PROJECT_VERSION = 1;
				DEVELOPMENT_ASSET_PATHS = "\"selfiegram/Preview Content\"";
				DEVELOPMENT_TEAM = K3JR62TZ76;
				ENABLE_PREVIEWS = YES;
				GENERATE_INFOPLIST_FILE = YES;
				INFOPLIST_KEY_UIApplicationSceneManifest_Generation = YES;
				INFOPLIST_KEY_UIApplicationSupportsIndirectInputEvents = YES;
				INFOPLIST_KEY_UILaunchScreen_Generation = YES;
				INFOPLIST_KEY_UISupportedInterfaceOrientations_iPad = "UIInterfaceOrientationPortrait UIInterfaceOrientationPortraitUpsideDown UIInterfaceOrientationLandscapeLeft UIInterfaceOrientationLandscapeRight";
				INFOPLIST_KEY_UISupportedInterfaceOrientations_iPhone = "UIInterfaceOrientationPortrait UIInterfaceOrientationLandscapeLeft UIInterfaceOrientationLandscapeRight";
				LD_RUNPATH_SEARCH_PATHS = (
					"$(inherited)",
					"@executable_path/Frameworks",
				);
				MARKETING_VERSION = 1.0;
				PRODUCT_BUNDLE_IDENTIFIER = com.isad.selfiegram;
				PRODUCT_NAME = "$(TARGET_NAME)";
				SWIFT_EMIT_LOC_STRINGS = YES;
				SWIFT_VERSION = 5.0;
				TARGETED_DEVICE_FAMILY = "1,2";
			};
			name = Release;
		};
		9ED36B162C1FCA5500189040 /* Debug */ = {
			isa = XCBuildConfiguration;
			buildSettings = {
				BUNDLE_LOADER = "$(TEST_HOST)";
				CODE_SIGN_STYLE = Automatic;
				CURRENT_PROJECT_VERSION = 1;
				DEVELOPMENT_TEAM = K3JR62TZ76;
				GENERATE_INFOPLIST_FILE = YES;
				IPHONEOS_DEPLOYMENT_TARGET = 18.0;
				MARKETING_VERSION = 1.0;
				PRODUCT_BUNDLE_IDENTIFIER = com.isad.selfiegramTests;
				PRODUCT_NAME = "$(TARGET_NAME)";
				SWIFT_EMIT_LOC_STRINGS = NO;
				SWIFT_VERSION = 5.0;
				TARGETED_DEVICE_FAMILY = "1,2";
				TEST_HOST = "$(BUILT_PRODUCTS_DIR)/selfiegram.app/$(BUNDLE_EXECUTABLE_FOLDER_PATH)/selfiegram";
			};
			name = Debug;
		};
		9ED36B172C1FCA5500189040 /* Release */ = {
			isa = XCBuildConfiguration;
			buildSettings = {
				BUNDLE_LOADER = "$(TEST_HOST)";
				CODE_SIGN_STYLE = Automatic;
				CURRENT_PROJECT_VERSION = 1;
				DEVELOPMENT_TEAM = K3JR62TZ76;
				GENERATE_INFOPLIST_FILE = YES;
				IPHONEOS_DEPLOYMENT_TARGET = 18.0;
				MARKETING_VERSION = 1.0;
				PRODUCT_BUNDLE_IDENTIFIER = com.isad.selfiegramTests;
				PRODUCT_NAME = "$(TARGET_NAME)";
				SWIFT_EMIT_LOC_STRINGS = NO;
				SWIFT_VERSION = 5.0;
				TARGETED_DEVICE_FAMILY = "1,2";
				TEST_HOST = "$(BUILT_PRODUCTS_DIR)/selfiegram.app/$(BUNDLE_EXECUTABLE_FOLDER_PATH)/selfiegram";
			};
			name = Release;
		};
		9ED36B192C1FCA5500189040 /* Debug */ = {
			isa = XCBuildConfiguration;
			buildSettings = {
				CODE_SIGN_STYLE = Automatic;
				CURRENT_PROJECT_VERSION = 1;
				DEVELOPMENT_TEAM = K3JR62TZ76;
				GENERATE_INFOPLIST_FILE = YES;
				MARKETING_VERSION = 1.0;
				PRODUCT_BUNDLE_IDENTIFIER = com.isad.selfiegramUITests;
				PRODUCT_NAME = "$(TARGET_NAME)";
				SWIFT_EMIT_LOC_STRINGS = NO;
				SWIFT_VERSION = 5.0;
				TARGETED_DEVICE_FAMILY = "1,2";
				TEST_TARGET_NAME = selfiegram;
			};
			name = Debug;
		};
		9ED36B1A2C1FCA5500189040 /* Release */ = {
			isa = XCBuildConfiguration;
			buildSettings = {
				CODE_SIGN_STYLE = Automatic;
				CURRENT_PROJECT_VERSION = 1;
				DEVELOPMENT_TEAM = K3JR62TZ76;
				GENERATE_INFOPLIST_FILE = YES;
				MARKETING_VERSION = 1.0;
				PRODUCT_BUNDLE_IDENTIFIER = com.isad.selfiegramUITests;
				PRODUCT_NAME = "$(TARGET_NAME)";
				SWIFT_EMIT_LOC_STRINGS = NO;
				SWIFT_VERSION = 5.0;
				TARGETED_DEVICE_FAMILY = "1,2";
				TEST_TARGET_NAME = selfiegram;
			};
			name = Release;
		};
/* End XCBuildConfiguration section */

/* Begin XCConfigurationList section */
		9ED36AE92C1FCA5300189040 /* Build configuration list for PBXProject "selfiegram" */ = {
			isa = XCConfigurationList;
			buildConfigurations = (
				9ED36B102C1FCA5500189040 /* Debug */,
				9ED36B112C1FCA5500189040 /* Release */,
			);
			defaultConfigurationIsVisible = 0;
			defaultConfigurationName = Release;
		};
		9ED36B122C1FCA5500189040 /* Build configuration list for PBXNativeTarget "selfiegram" */ = {
			isa = XCConfigurationList;
			buildConfigurations = (
				9ED36B132C1FCA5500189040 /* Debug */,
				9ED36B142C1FCA5500189040 /* Release */,
			);
			defaultConfigurationIsVisible = 0;
			defaultConfigurationName = Release;
		};
		9ED36B152C1FCA5500189040 /* Build configuration list for PBXNativeTarget "selfiegramTests" */ = {
			isa = XCConfigurationList;
			buildConfigurations = (
				9ED36B162C1FCA5500189040 /* Debug */,
				9ED36B172C1FCA5500189040 /* Release */,
			);
			defaultConfigurationIsVisible = 0;
			defaultConfigurationName = Release;
		};
		9ED36B182C1FCA5500189040 /* Build configuration list for PBXNativeTarget "selfiegramUITests" */ = {
			isa = XCConfigurationList;
			buildConfigurations = (
				9ED36B192C1FCA5500189040 /* Debug */,
				9ED36B1A2C1FCA5500189040 /* Release */,
			);
			defaultConfigurationIsVisible = 0;
			defaultConfigurationName = Release;
		};
/* End XCConfigurationList section */
	};
	rootObject = 9ED36AE62C1FCA5300189040 /* Project object */;
}
